// !$*UTF8*$!
{
	archiveVersion = 1;
	classes = {
	};
	objectVersion = 56;
	objects = {

/* Begin PBXBuildFile section */
		4E02720BA4E59CA781779ABE /* YULAApp.swift in Sources */ = {isa = PBXBuildFile; fileRef = 65C907CB3A6B2AD914086D4A /* YULAApp.swift */; };
		C234AD3CE16C271C0F4A9A63 /* User.swift in Sources */ = {isa = PBXBuildFile; fileRef = 7ED549C4EECD1A126CB86C3B /* User.swift */; };
		DC8A1C866DCCB1C98A22F78B /* Conversation.swift in Sources */ = {isa = PBXBuildFile; fileRef = 14C59CCAF1E8B8E5C2F922C6 /* Conversation.swift */; };
		FDF8FEC7943946FCCAEA84FB /* Message.swift in Sources */ = {isa = PBXBuildFile; fileRef = 42D9EAF95B25B0E93631E729 /* Message.swift */; };
		3FA4717E1DDE978675A5FE4A /* Memory.swift in Sources */ = {isa = PBXBuildFile; fileRef = DF5214C513C9EE0CA458197C /* Memory.swift */; };
		008DA7CA381CB1E77009159C /* APIResponse.swift in Sources */ = {isa = PBXBuildFile; fileRef = 5D9AC51E32B56D1411981E57 /* APIResponse.swift */; };
		3CEBEE91541E724FD1A3068B /* KeychainHelper.swift in Sources */ = {isa = PBXBuildFile; fileRef = C710EBB0CC018C8818F7A2BB /* KeychainHelper.swift */; };
		C34D4ED92DE885A983018F52 /* APIClient.swift in Sources */ = {isa = PBXBuildFile; fileRef = A84DBB7FBE7BBAAF6857CC00 /* APIClient.swift */; };
		6673B70E755965FC8BC17380 /* AuthService.swift in Sources */ = {isa = PBXBuildFile; fileRef = E8096DCDB2B637C90A154F6C /* AuthService.swift */; };
		4343E019A94B69BFE8D03E5A /* ChatService.swift in Sources */ = {isa = PBXBuildFile; fileRef = 7ED3ED265DF05E3A66540256 /* ChatService.swift */; };
		FF1657524BB6925BD7E312A4 /* ConversationService.swift in Sources */ = {isa = PBXBuildFile; fileRef = 39D06BA06AA11804E93F5713 /* ConversationService.swift */; };
		21D0A1454C3AEBC198CB4D20 /* MemoryService.swift in Sources */ = {isa = PBXBuildFile; fileRef = 914684A3084DFD84A2ADDEB3 /* MemoryService.swift */; };
		A5F562C223D3CE63F0F3F189 /* AuthViewModel.swift in Sources */ = {isa = PBXBuildFile; fileRef = CAE291FA900CCA5B61CA5151 /* AuthViewModel.swift */; };
		10D0BB168F5E30A5176DE1F1 /* ChatViewModel.swift in Sources */ = {isa = PBXBuildFile; fileRef = 59CD0909503690EF9813D8D9 /* ChatViewModel.swift */; };
		530091D8B8DE028ACC80EADA /* ConversationListViewModel.swift in Sources */ = {isa = PBXBuildFile; fileRef = 67F9DDCB1D77DC12184C5DA7 /* ConversationListViewModel.swift */; };
		43E49E68CB140DB51CB26B38 /* MemoryViewModel.swift in Sources */ = {isa = PBXBuildFile; fileRef = F64B638E8BEEA27EC65607BE /* MemoryViewModel.swift */; };
		E6EF9FFCF987363836A1DFA5 /* SettingsViewModel.swift in Sources */ = {isa = PBXBuildFile; fileRef = 31F701ED7883ED53734B15EF /* SettingsViewModel.swift */; };
		E1D398EB55F896DFC5ED62AD /* ContentView.swift in Sources */ = {isa = PBXBuildFile; fileRef = 379A554720FE930A1BB84D85 /* ContentView.swift */; };
		B6AD550015A474AB04F4166C /* LoginView.swift in Sources */ = {isa = PBXBuildFile; fileRef = 0354056F2DA2F6E55B9E7624 /* LoginView.swift */; };
		DDC4F2377A7A3C677C37DB40 /* SignupView.swift in Sources */ = {isa = PBXBuildFile; fileRef = CDF65FD94BA735827E09A94A /* SignupView.swift */; };
		ACFD7BA4F8A4DA17BE8ADA9F /* ChatView.swift in Sources */ = {isa = PBXBuildFile; fileRef = 570A9DFF019674CA795B6387 /* ChatView.swift */; };
		A643FF8F8988F2ACF1D9CD66 /* MessageBubble.swift in Sources */ = {isa = PBXBuildFile; fileRef = 22A1FF4168B7FB44246BAA57 /* MessageBubble.swift */; };
		362205E3922D9573653EC4DA /* ChatInputBar.swift in Sources */ = {isa = PBXBuildFile; fileRef = 4AEBE781E086E716DC9EEDBF /* ChatInputBar.swift */; };
		CE741A89F605AFDCC05EDF70 /* MemoryListView.swift in Sources */ = {isa = PBXBuildFile; fileRef = DE148404B67E2ED2DDBB3095 /* MemoryListView.swift */; };
		F4C2BB99CC6A9A58BCC950B6 /* MemorySearchView.swift in Sources */ = {isa = PBXBuildFile; fileRef = C1E664EE34D3E0D41A2B72C2 /* MemorySearchView.swift */; };
		2AF4C1199109185F6D471547 /* SettingsView.swift in Sources */ = {isa = PBXBuildFile; fileRef = 66FC1475E44B8CD0A8093222 /* SettingsView.swift */; };
		15A7F6DB6A6911C8239F81A8 /* Environment.swift in Sources */ = {isa = PBXBuildFile; fileRef = A3500B48491AD8E36E4219DF /* Environment.swift */; };
		5B9013C60B307EA5C6BFF1AE /* Assets.xcassets in Resources */ = {isa = PBXBuildFile; fileRef = 11CA0BA031CE82C7848D22F8 /* Assets.xcassets */; };
/* End PBXBuildFile section */

/* Begin PBXFileReference section */
		65C907CB3A6B2AD914086D4A /* YULAApp.swift */ = {isa = PBXFileReference; lastKnownFileType = sourcecode.swift; path = "YULAApp.swift"; sourceTree = "<group>"; };
		7ED549C4EECD1A126CB86C3B /* User.swift */ = {isa = PBXFileReference; lastKnownFileType = sourcecode.swift; path = "User.swift"; sourceTree = "<group>"; };
		14C59CCAF1E8B8E5C2F922C6 /* Conversation.swift */ = {isa = PBXFileReference; lastKnownFileType = sourcecode.swift; path = "Conversation.swift"; sourceTree = "<group>"; };
		42D9EAF95B25B0E93631E729 /* Message.swift */ = {isa = PBXFileReference; lastKnownFileType = sourcecode.swift; path = "Message.swift"; sourceTree = "<group>"; };
		DF5214C513C9EE0CA458197C /* Memory.swift */ = {isa = PBXFileReference; lastKnownFileType = sourcecode.swift; path = "Memory.swift"; sourceTree = "<group>"; };
		5D9AC51E32B56D1411981E57 /* APIResponse.swift */ = {isa = PBXFileReference; lastKnownFileType = sourcecode.swift; path = "APIResponse.swift"; sourceTree = "<group>"; };
		C710EBB0CC018C8818F7A2BB /* KeychainHelper.swift */ = {isa = PBXFileReference; lastKnownFileType = sourcecode.swift; path = "KeychainHelper.swift"; sourceTree = "<group>"; };
		A84DBB7FBE7BBAAF6857CC00 /* APIClient.swift */ = {isa = PBXFileReference; lastKnownFileType = sourcecode.swift; path = "APIClient.swift"; sourceTree = "<group>"; };
		E8096DCDB2B637C90A154F6C /* AuthService.swift */ = {isa = PBXFileReference; lastKnownFileType = sourcecode.swift; path = "AuthService.swift"; sourceTree = "<group>"; };
		7ED3ED265DF05E3A66540256 /* ChatService.swift */ = {isa = PBXFileReference; lastKnownFileType = sourcecode.swift; path = "ChatService.swift"; sourceTree = "<group>"; };
		39D06BA06AA11804E93F5713 /* ConversationService.swift */ = {isa = PBXFileReference; lastKnownFileType = sourcecode.swift; path = "ConversationService.swift"; sourceTree = "<group>"; };
		914684A3084DFD84A2ADDEB3 /* MemoryService.swift */ = {isa = PBXFileReference; lastKnownFileType = sourcecode.swift; path = "MemoryService.swift"; sourceTree = "<group>"; };
		CAE291FA900CCA5B61CA5151 /* AuthViewModel.swift */ = {isa = PBXFileReference; lastKnownFileType = sourcecode.swift; path = "AuthViewModel.swift"; sourceTree = "<group>"; };
		59CD0909503690EF9813D8D9 /* ChatViewModel.swift */ = {isa = PBXFileReference; lastKnownFileType = sourcecode.swift; path = "ChatViewModel.swift"; sourceTree = "<group>"; };
		67F9DDCB1D77DC12184C5DA7 /* ConversationListViewModel.swift */ = {isa = PBXFileReference; lastKnownFileType = sourcecode.swift; path = "ConversationListViewModel.swift"; sourceTree = "<group>"; };
		F64B638E8BEEA27EC65607BE /* MemoryViewModel.swift */ = {isa = PBXFileReference; lastKnownFileType = sourcecode.swift; path = "MemoryViewModel.swift"; sourceTree = "<group>"; };
		31F701ED7883ED53734B15EF /* SettingsViewModel.swift */ = {isa = PBXFileReference; lastKnownFileType = sourcecode.swift; path = "SettingsViewModel.swift"; sourceTree = "<group>"; };
		379A554720FE930A1BB84D85 /* ContentView.swift */ = {isa = PBXFileReference; lastKnownFileType = sourcecode.swift; path = "ContentView.swift"; sourceTree = "<group>"; };
		0354056F2DA2F6E55B9E7624 /* LoginView.swift */ = {isa = PBXFileReference; lastKnownFileType = sourcecode.swift; path = "LoginView.swift"; sourceTree = "<group>"; };
		CDF65FD94BA735827E09A94A /* SignupView.swift */ = {isa = PBXFileReference; lastKnownFileType = sourcecode.swift; path = "SignupView.swift"; sourceTree = "<group>"; };
		570A9DFF019674CA795B6387 /* ChatView.swift */ = {isa = PBXFileReference; lastKnownFileType = sourcecode.swift; path = "ChatView.swift"; sourceTree = "<group>"; };
		22A1FF4168B7FB44246BAA57 /* MessageBubble.swift */ = {isa = PBXFileReference; lastKnownFileType = sourcecode.swift; path = "MessageBubble.swift"; sourceTree = "<group>"; };
		4AEBE781E086E716DC9EEDBF /* ChatInputBar.swift */ = {isa = PBXFileReference; lastKnownFileType = sourcecode.swift; path = "ChatInputBar.swift"; sourceTree = "<group>"; };
		DE148404B67E2ED2DDBB3095 /* MemoryListView.swift */ = {isa = PBXFileReference; lastKnownFileType = sourcecode.swift; path = "MemoryListView.swift"; sourceTree = "<group>"; };
		C1E664EE34D3E0D41A2B72C2 /* MemorySearchView.swift */ = {isa = PBXFileReference; lastKnownFileType = sourcecode.swift; path = "MemorySearchView.swift"; sourceTree = "<group>"; };
		66FC1475E44B8CD0A8093222 /* SettingsView.swift */ = {isa = PBXFileReference; lastKnownFileType = sourcecode.swift; path = "SettingsView.swift"; sourceTree = "<group>"; };
		A3500B48491AD8E36E4219DF /* Environment.swift */ = {isa = PBXFileReference; lastKnownFileType = sourcecode.swift; path = "Environment.swift"; sourceTree = "<group>"; };
		11CA0BA031CE82C7848D22F8 /* Assets.xcassets */ = {isa = PBXFileReference; lastKnownFileType = folder.assetcatalog; path = Assets.xcassets; sourceTree = "<group>"; };
		9A23BB9B9C4FB00984344C59 /* Info.plist */ = {isa = PBXFileReference; lastKnownFileType = text.plist.xml; path = Info.plist; sourceTree = "<group>"; };
		CE29BE284D8E7CDFA377A125 /* YULA.app */ = {isa = PBXFileReference; explicitFileType = wrapper.application; includeInIndex = 0; path = YULA.app; sourceTree = BUILT_PRODUCTS_DIR; };
/* End PBXFileReference section */

/* Begin PBXFrameworksBuildPhase section */
		6DB04654966809A36F783873 /* Frameworks */ = {
			isa = PBXFrameworksBuildPhase;
			buildActionMask = 2147483647;
			files = (
			);
			runOnlyForDeploymentPostprocessing = 0;
		};
/* End PBXFrameworksBuildPhase section */

/* Begin PBXGroup section */
		C454586A1F4E28C340BDC1AD /* Views */ = {
			isa = PBXGroup;
			children = (
				A97FCC19EDEA74730EE7E114 /* Auth */,
				0CB2A6CB53CAE09942FA215E /* Chat */,
				1FD0E5C44F31DF852C7B565C /* Memory */,
				4F60404FBFDF40A2513E2919 /* Settings */,
				379A554720FE930A1BB84D85 /* ContentView.swift */,
			);
			path = Views;
			sourceTree = "<group>";
		};
		A97FCC19EDEA74730EE7E114 /* Auth */ = {
			isa = PBXGroup;
			children = (
				0354056F2DA2F6E55B9E7624 /* LoginView.swift */,
				CDF65FD94BA735827E09A94A /* SignupView.swift */,
			);
			path = Auth;
			sourceTree = "<group>";
		};
		0CB2A6CB53CAE09942FA215E /* Chat */ = {
			isa = PBXGroup;
			children = (
				570A9DFF019674CA795B6387 /* ChatView.swift */,
				22A1FF4168B7FB44246BAA57 /* MessageBubble.swift */,
				4AEBE781E086E716DC9EEDBF /* ChatInputBar.swift */,
			);
			path = Chat;
			sourceTree = "<group>";
		};
		1FD0E5C44F31DF852C7B565C /* Memory */ = {
			isa = PBXGroup;
			children = (
				DE148404B67E2ED2DDBB3095 /* MemoryListView.swift */,
				C1E664EE34D3E0D41A2B72C2 /* MemorySearchView.swift */,
			);
			path = Memory;
			sourceTree = "<group>";
		};
		4F60404FBFDF40A2513E2919 /* Settings */ = {
			isa = PBXGroup;
			children = (
				66FC1475E44B8CD0A8093222 /* SettingsView.swift */,
			);
			path = Settings;
			sourceTree = "<group>";
		};
		9CF43B31E8845D861542A38E /* Models */ = {
			isa = PBXGroup;
			children = (
				7ED549C4EECD1A126CB86C3B /* User.swift */,
				14C59CCAF1E8B8E5C2F922C6 /* Conversation.swift */,
				42D9EAF95B25B0E93631E729 /* Message.swift */,
				DF5214C513C9EE0CA458197C /* Memory.swift */,
				5D9AC51E32B56D1411981E57 /* APIResponse.swift */,
			);
			path = Models;
			sourceTree = "<group>";
		};
		564EAF51B7DD4639ADD9B985 /* Services */ = {
			isa = PBXGroup;
			children = (
				C710EBB0CC018C8818F7A2BB /* KeychainHelper.swift */,
				A84DBB7FBE7BBAAF6857CC00 /* APIClient.swift */,
				E8096DCDB2B637C90A154F6C /* AuthService.swift */,
				7ED3ED265DF05E3A66540256 /* ChatService.swift */,
				39D06BA06AA11804E93F5713 /* ConversationService.swift */,
				914684A3084DFD84A2ADDEB3 /* MemoryService.swift */,
			);
			path = Services;
			sourceTree = "<group>";
		};
		420CEB417186B52ECF642348 /* ViewModels */ = {
			isa = PBXGroup;
			children = (
				CAE291FA900CCA5B61CA5151 /* AuthViewModel.swift */,
				59CD0909503690EF9813D8D9 /* ChatViewModel.swift */,
				67F9DDCB1D77DC12184C5DA7 /* ConversationListViewModel.swift */,
				F64B638E8BEEA27EC65607BE /* MemoryViewModel.swift */,
				31F701ED7883ED53734B15EF /* SettingsViewModel.swift */,
			);
			path = ViewModels;
			sourceTree = "<group>";
		};
		94EC979C78A1C9E483FAC308 /* Utilities */ = {
			isa = PBXGroup;
			children = (
				A3500B48491AD8E36E4219DF /* Environment.swift */,
			);
			path = Utilities;
			sourceTree = "<group>";
		};
		AD1EC10B351E7E27BACD9B83 /* YULA */ = {
			isa = PBXGroup;
			children = (
				65C907CB3A6B2AD914086D4A /* YULAApp.swift */,
				9A23BB9B9C4FB00984344C59 /* Info.plist */,
				11CA0BA031CE82C7848D22F8 /* Assets.xcassets */,
				9CF43B31E8845D861542A38E /* Models */,
				564EAF51B7DD4639ADD9B985 /* Services */,
				420CEB417186B52ECF642348 /* ViewModels */,
				C454586A1F4E28C340BDC1AD /* Views */,
				94EC979C78A1C9E483FAC308 /* Utilities */,
			);
			path = YULA;
			sourceTree = "<group>";
		};
		BF7A2D27A78D590BDEF15AF2 /* Products */ = {
			isa = PBXGroup;
			children = (
				CE29BE284D8E7CDFA377A125 /* YULA.app */,
			);
			name = Products;
			sourceTree = "<group>";
		};
		5928955287B8089ED2177128 = {
			isa = PBXGroup;
			children = (
				AD1EC10B351E7E27BACD9B83 /* YULA */,
				BF7A2D27A78D590BDEF15AF2 /* Products */,
			);
			sourceTree = "<group>";
		};
/* End PBXGroup section */

/* Begin PBXNativeTarget section */
		6772EC0E5D0CA05E04DDDB49 /* YULA */ = {
			isa = PBXNativeTarget;
			buildConfigurationList = F707ED8CFBC457F7F618ECA6 /* Build configuration list for PBXNativeTarget "YULA" */;
			buildPhases = (
				7B1AB24959979FF757979CE2 /* Sources */,
				6DB04654966809A36F783873 /* Frameworks */,
				BC01316BBCA63BD9F9542A7E /* Resources */,
			);
			buildRules = (
			);
			dependencies = (
			);
			name = YULA;
			productName = YULA;
			productReference = CE29BE284D8E7CDFA377A125 /* YULA.app */;
			productType = "com.apple.product-type.application";
		};
/* End PBXNativeTarget section */

/* Begin PBXProject section */
		1FDDBCF29C51315BCDDE7B98 /* Project object */ = {
			isa = PBXProject;
			attributes = {
				BuildIndependentTargetsInParallel = 1;
				LastSwiftUpdateCheck = 1500;
				LastUpgradeCheck = 1500;
				TargetAttributes = {
					6772EC0E5D0CA05E04DDDB49 = {
						CreatedOnToolsVersion = 15.0;
					};
				};
			};
			buildConfigurationList = 9D908D8792E5642B2623649E /* Build configuration list for PBXProject "YULA" */;
			compatibilityVersion = "Xcode 14.0";
			developmentRegion = en;
			hasScannedForEncodings = 0;
			knownRegions = (
				en,
				Base,
			);
			mainGroup = 5928955287B8089ED2177128;
			productRefGroup = BF7A2D27A78D590BDEF15AF2 /* Products */;
			projectDirPath = "";
			projectRoot = "";
			targets = (
				6772EC0E5D0CA05E04DDDB49 /* YULA */,
			);
		};
/* End PBXProject section */

/* Begin PBXResourcesBuildPhase section */
		BC01316BBCA63BD9F9542A7E /* Resources */ = {
			isa = PBXResourcesBuildPhase;
			buildActionMask = 2147483647;
			files = (
				5B9013C60B307EA5C6BFF1AE /* Assets.xcassets in Resources */,
			);
			runOnlyForDeploymentPostprocessing = 0;
		};
/* End PBXResourcesBuildPhase section */

/* Begin PBXSourcesBuildPhase section */
		7B1AB24959979FF757979CE2 /* Sources */ = {
			isa = PBXSourcesBuildPhase;
			buildActionMask = 2147483647;
			files = (
				4E02720BA4E59CA781779ABE /* YULAApp.swift in Sources */,
				C234AD3CE16C271C0F4A9A63 /* User.swift in Sources */,
				DC8A1C866DCCB1C98A22F78B /* Conversation.swift in Sources */,
				FDF8FEC7943946FCCAEA84FB /* Message.swift in Sources */,
				3FA4717E1DDE978675A5FE4A /* Memory.swift in Sources */,
				008DA7CA381CB1E77009159C /* APIResponse.swift in Sources */,
				3CEBEE91541E724FD1A3068B /* KeychainHelper.swift in Sources */,
				C34D4ED92DE885A983018F52 /* APIClient.swift in Sources */,
				6673B70E755965FC8BC17380 /* AuthService.swift in Sources */,
				4343E019A94B69BFE8D03E5A /* ChatService.swift in Sources */,
				FF1657524BB6925BD7E312A4 /* ConversationService.swift in Sources */,
				21D0A1454C3AEBC198CB4D20 /* MemoryService.swift in Sources */,
				A5F562C223D3CE63F0F3F189 /* AuthViewModel.swift in Sources */,
				10D0BB168F5E30A5176DE1F1 /* ChatViewModel.swift in Sources */,
				530091D8B8DE028ACC80EADA /* ConversationListViewModel.swift in Sources */,
				43E49E68CB140DB51CB26B38 /* MemoryViewModel.swift in Sources */,
				E6EF9FFCF987363836A1DFA5 /* SettingsViewModel.swift in Sources */,
				E1D398EB55F896DFC5ED62AD /* ContentView.swift in Sources */,
				B6AD550015A474AB04F4166C /* LoginView.swift in Sources */,
				DDC4F2377A7A3C677C37DB40 /* SignupView.swift in Sources */,
				ACFD7BA4F8A4DA17BE8ADA9F /* ChatView.swift in Sources */,
				A643FF8F8988F2ACF1D9CD66 /* MessageBubble.swift in Sources */,
				362205E3922D9573653EC4DA /* ChatInputBar.swift in Sources */,
				CE741A89F605AFDCC05EDF70 /* MemoryListView.swift in Sources */,
				F4C2BB99CC6A9A58BCC950B6 /* MemorySearchView.swift in Sources */,
				2AF4C1199109185F6D471547 /* SettingsView.swift in Sources */,
				15A7F6DB6A6911C8239F81A8 /* Environment.swift in Sources */,
			);
			runOnlyForDeploymentPostprocessing = 0;
		};
/* End PBXSourcesBuildPhase section */

/* Begin XCBuildConfiguration section */
		8EE6B6ADC095CDC56BE16A9E /* Debug */ = {
			isa = XCBuildConfiguration;
			buildSettings = {
				ALWAYS_SEARCH_USER_PATHS = NO;
				ASCTOOL_EXEC_WIDTH = com.apple.compilers.llvm.clang.1_0;
				CLANG_ANALYZER_NONNULL = YES;
				CLANG_ANALYZER_NUMBER_OBJECT_CONVERSION = YES_AGGRESSIVE;
				CLANG_CXX_LANGUAGE_STANDARD = "gnu++20";
				CLANG_ENABLE_MODULES = YES;
				CLANG_ENABLE_OBJC_ARC = YES;
				CLANG_ENABLE_OBJC_WEAK = YES;
				CLANG_WARN_BLOCK_CAPTURE_AUTORELEASING = YES;
				CLANG_WARN_BOOL_CONVERSION = YES;
				CLANG_WARN_COMMA = YES;
				CLANG_WARN_CONSTANT_CONVERSION = YES;
				CLANG_WARN_DEPRECATED_OBJC_IMPLEMENTATIONS = YES;
				CLANG_WARN_DIRECT_OBJC_ISA_USAGE = YES_ERROR;
				CLANG_WARN_DOCUMENTATION_COMMENTS = YES;
				CLANG_WARN_EMPTY_BODY = YES;
				CLANG_WARN_ENUM_CONVERSION = YES;
				CLANG_WARN_INFINITE_RECURSION = YES;
				CLANG_WARN_INT_CONVERSION = YES;
				CLANG_WARN_NON_LITERAL_NULL_CONVERSION = YES;
				CLANG_WARN_OBJC_IMPLICIT_RETAIN_SELF = YES;
				CLANG_WARN_OBJC_LITERAL_CONVERSION = YES;
				CLANG_WARN_OBJC_ROOT_CLASS = YES_ERROR;
				CLANG_WARN_QUOTED_INCLUDE_IN_FRAMEWORK_HEADER = YES;
				CLANG_WARN_RANGE_LOOP_ANALYSIS = YES;
				CLANG_WARN_STRICT_PROTOTYPES = YES;
				CLANG_WARN_SUSPICIOUS_MOVE = YES;
				CLANG_WARN_UNGUARDED_AVAILABILITY = YES_AGGRESSIVE;
				CLANG_WARN_UNREACHABLE_CODE = YES;
				CLANG_WARN__DUPLICATE_METHOD_MATCH = YES;
				COPY_PHASE_STRIP = NO;
				DEBUG_INFORMATION_FORMAT = dwarf;
				ENABLE_STRICT_OBJC_MSGSEND = YES;
				ENABLE_TESTABILITY = YES;
				ENABLE_USER_SCRIPT_SANDBOXING = YES;
				GCC_C_LANGUAGE_STANDARD = gnu17;
				GCC_DYNAMIC_NO_PIC = NO;
				GCC_NO_COMMON_BLOCKS = YES;
				GCC_OPTIMIZATION_LEVEL = 0;
				GCC_PREPROCESSOR_DEFINITIONS = (
					"DEBUG=1",
					"$(inherited)",
				);
				GCC_WARN_64_TO_32_BIT_CONVERSION = YES;
				GCC_WARN_ABOUT_RETURN_TYPE = YES_ERROR;
				GCC_WARN_UNDECLARED_SELECTOR = YES;
				GCC_WARN_UNINITIALIZED_AUTOS = YES_AGGRESSIVE;
				GCC_WARN_UNUSED_FUNCTION = YES;
				GCC_WARN_UNUSED_VARIABLE = YES;
				IPHONEOS_DEPLOYMENT_TARGET = 17.0;
				MTL_ENABLE_DEBUG_INFO = INCLUDE_SOURCE;
				MTL_FAST_MATH = YES;
				ONLY_ACTIVE_ARCH = YES;
				SDKROOT = iphoneos;
				SWIFT_ACTIVE_COMPILATION_CONDITIONS = "DEBUG $(inherited)";
				SWIFT_OPTIMIZATION_LEVEL = "-Onone";
			};
			name = Debug;
		};
		C25F4F6540DF31069317F7C3 /* Release */ = {
			isa = XCBuildConfiguration;
			buildSettings = {
				ALWAYS_SEARCH_USER_PATHS = NO;
				ASCTOOL_EXEC_WIDTH = com.apple.compilers.llvm.clang.1_0;
				CLANG_ANALYZER_NONNULL = YES;
				CLANG_ANALYZER_NUMBER_OBJECT_CONVERSION = YES_AGGRESSIVE;
				CLANG_CXX_LANGUAGE_STANDARD = "gnu++20";
				CLANG_ENABLE_MODULES = YES;
				CLANG_ENABLE_OBJC_ARC = YES;
				CLANG_ENABLE_OBJC_WEAK = YES;
				CLANG_WARN_BLOCK_CAPTURE_AUTORELEASING = YES;
				CLANG_WARN_BOOL_CONVERSION = YES;
				CLANG_WARN_COMMA = YES;
				CLANG_WARN_CONSTANT_CONVERSION = YES;
				CLANG_WARN_DEPRECATED_OBJC_IMPLEMENTATIONS = YES;
				CLANG_WARN_DIRECT_OBJC_ISA_USAGE = YES_ERROR;
				CLANG_WARN_DOCUMENTATION_COMMENTS = YES;
				CLANG_WARN_EMPTY_BODY = YES;
				CLANG_WARN_ENUM_CONVERSION = YES;
				CLANG_WARN_INFINITE_RECURSION = YES;
				CLANG_WARN_INT_CONVERSION = YES;
				CLANG_WARN_NON_LITERAL_NULL_CONVERSION = YES;
				CLANG_WARN_OBJC_IMPLICIT_RETAIN_SELF = YES;
				CLANG_WARN_OBJC_LITERAL_CONVERSION = YES;
				CLANG_WARN_OBJC_ROOT_CLASS = YES_ERROR;
				CLANG_WARN_QUOTED_INCLUDE_IN_FRAMEWORK_HEADER = YES;
				CLANG_WARN_RANGE_LOOP_ANALYSIS = YES;
				CLANG_WARN_STRICT_PROTOTYPES = YES;
				CLANG_WARN_SUSPICIOUS_MOVE = YES;
				CLANG_WARN_UNGUARDED_AVAILABILITY = YES_AGGRESSIVE;
				CLANG_WARN_UNREACHABLE_CODE = YES;
				CLANG_WARN__DUPLICATE_METHOD_MATCH = YES;
				COPY_PHASE_STRIP = NO;
				DEBUG_INFORMATION_FORMAT = "dwarf-with-dsym";
				ENABLE_NS_ASSERTIONS = NO;
				ENABLE_STRICT_OBJC_MSGSEND = YES;
				ENABLE_USER_SCRIPT_SANDBOXING = YES;
				GCC_C_LANGUAGE_STANDARD = gnu17;
				GCC_NO_COMMON_BLOCKS = YES;
				GCC_WARN_64_TO_32_BIT_CONVERSION = YES;
				GCC_WARN_ABOUT_RETURN_TYPE = YES_ERROR;
				GCC_WARN_UNDECLARED_SELECTOR = YES;
				GCC_WARN_UNINITIALIZED_AUTOS = YES_AGGRESSIVE;
				GCC_WARN_UNUSED_FUNCTION = YES;
				GCC_WARN_UNUSED_VARIABLE = YES;
				IPHONEOS_DEPLOYMENT_TARGET = 17.0;
				MTL_ENABLE_DEBUG_INFO = NO;
				MTL_FAST_MATH = YES;
				SDKROOT = iphoneos;
				SWIFT_COMPILATION_MODE = wholemodule;
				VALIDATE_PRODUCT = YES;
			};
			name = Release;
		};
		016703F6406E99FE32A32CD7 /* Debug */ = {
			isa = XCBuildConfiguration;
			buildSettings = {
				ASSETCATALOG_COMPILER_APPICON_NAME = AppIcon;
				ASSETCATALOG_COMPILER_GLOBAL_ACCENT_COLOR_NAME = AccentColor;
				CODE_SIGN_STYLE = Automatic;
				CURRENT_PROJECT_VERSION = 1;
				DEVELOPMENT_TEAM = "";
				GENERATE_INFOPLIST_FILE = NO;
				INFOPLIST_FILE = YULA/Info.plist;
				INFOPLIST_KEY_UIApplicationSceneManifest_Generation = YES;
				INFOPLIST_KEY_UIApplicationSupportsIndirectInputEvents = YES;
				INFOPLIST_KEY_UILaunchScreen_Generation = YES;
				INFOPLIST_KEY_UISupportedInterfaceOrientations_iPad = "UIInterfaceOrientationPortrait UIInterfaceOrientationPortraitUpsideDown UIInterfaceOrientationLandscapeLeft UIInterfaceOrientationLandscapeRight";
				INFOPLIST_KEY_UISupportedInterfaceOrientations_iPhone = "UIInterfaceOrientationPortrait UIInterfaceOrientationLandscapeLeft UIInterfaceOrientationLandscapeRight";
				LD_RUNPATH_SEARCH_PATHS = (
					"$(inherited)",
					"@executable_path/Frameworks",
				);
				MARKETING_VERSION = 1.0;
				PRODUCT_BUNDLE_IDENTIFIER = app.yula.ios;
				PRODUCT_NAME = "$(TARGET_NAME)";
				SWIFT_EMIT_LOC_STRINGS = YES;
				SWIFT_VERSION = 5.0;
				TARGETED_DEVICE_FAMILY = "1,2";
			};
			name = Debug;
		};
		8186AE241DE1410256BA407F /* Release */ = {
			isa = XCBuildConfiguration;
			buildSettings = {
				ASSETCATALOG_COMPILER_APPICON_NAME = AppIcon;
				ASSETCATALOG_COMPILER_GLOBAL_ACCENT_COLOR_NAME = AccentColor;
				CODE_SIGN_STYLE = Automatic;
				CURRENT_PROJECT_VERSION = 1;
				DEVELOPMENT_TEAM = "";
				GENERATE_INFOPLIST_FILE = NO;
				INFOPLIST_FILE = YULA/Info.plist;
				INFOPLIST_KEY_UIApplicationSceneManifest_Generation = YES;
				INFOPLIST_KEY_UIApplicationSupportsIndirectInputEvents = YES;
				INFOPLIST_KEY_UILaunchScreen_Generation = YES;
				INFOPLIST_KEY_UISupportedInterfaceOrientations_iPad = "UIInterfaceOrientationPortrait UIInterfaceOrientationPortraitUpsideDown UIInterfaceOrientationLandscapeLeft UIInterfaceOrientationLandscapeRight";
				INFOPLIST_KEY_UISupportedInterfaceOrientations_iPhone = "UIInterfaceOrientationPortrait UIInterfaceOrientationLandscapeLeft UIInterfaceOrientationLandscapeRight";
				LD_RUNPATH_SEARCH_PATHS = (
					"$(inherited)",
					"@executable_path/Frameworks",
				);
				MARKETING_VERSION = 1.0;
				PRODUCT_BUNDLE_IDENTIFIER = app.yula.ios;
				PRODUCT_NAME = "$(TARGET_NAME)";
				SWIFT_EMIT_LOC_STRINGS = YES;
				SWIFT_VERSION = 5.0;
				TARGETED_DEVICE_FAMILY = "1,2";
			};
			name = Release;
		};
/* End XCBuildConfiguration section */

/* Begin XCConfigurationList section */
		9D908D8792E5642B2623649E /* Build configuration list for PBXProject "YULA" */ = {
			isa = XCConfigurationList;
			buildConfigurations = (
				8EE6B6ADC095CDC56BE16A9E /* Debug */,
				C25F4F6540DF31069317F7C3 /* Release */,
			);
			defaultConfigurationIsVisible = 0;
			defaultConfigurationName = Release;
		};
		F707ED8CFBC457F7F618ECA6 /* Build configuration list for PBXNativeTarget "YULA" */ = {
			isa = XCConfigurationList;
			buildConfigurations = (
				016703F6406E99FE32A32CD7 /* Debug */,
				8186AE241DE1410256BA407F /* Release */,
			);
			defaultConfigurationIsVisible = 0;
			defaultConfigurationName = Release;
		};
/* End XCConfigurationList section */
	};
	rootObject = 1FDDBCF29C51315BCDDE7B98 /* Project object */;
}
